
Microsoft Visual Studio Solution File, Format Version 12.00
# Visual Studio Version 17
VisualStudioVersion = 17.3.32929.385
MinimumVisualStudioVersion = 10.0.40219.1
Project("{FAE04EC0-301F-11D3-BF4B-00C04F79EFBC}") = "AppForModule17", "AppForModule17\AppForModule17.csproj", "{3F3AE325-62AE-4B05-9CDD-9B06C34D72BF}"
EndProject
Global
	GlobalSection(SolutionConfigurationPlatforms) = preSolution
		Debug|Any CPU = Debug|Any CPU
		Release|Any CPU = Release|Any CPU
	EndGlobalSection
	GlobalSection(ProjectConfigurationPlatforms) = postSolution
		{3F3AE325-62AE-4B05-9CDD-9B06C34D72BF}.Debug|Any CPU.ActiveCfg = Debug|Any CPU
		{3F3AE325-62AE-4B05-9CDD-9B06C34D72BF}.Debug|Any CPU.Build.0 = Debug|Any CPU
		{3F3AE325-62AE-4B05-9CDD-9B06C34D72BF}.Release|Any CPU.ActiveCfg = Release|Any CPU
		{3F3AE325-62AE-4B05-9CDD-9B06C34D72BF}.Release|Any CPU.Build.0 = Release|Any CPU
	EndGlobalSection
	GlobalSection(SolutionProperties) = preSolution
		HideSolutionNode = FALSE
	EndGlobalSection
	GlobalSection(ExtensibilityGlobals) = postSolution
		SolutionGuid = {A0DFBE69-74BA-437D-AA6A-AB6ABF310946}
	EndGlobalSection
EndGlobal
